
Microsoft Visual Studio Solution File, Format Version 12.00
# Visual Studio Version 17
VisualStudioVersion = 17.3.32929.385
MinimumVisualStudioVersion = 10.0.40219.1
Project("{9A19103F-16F7-4668-BE54-9A1E7A4F7556}") = "Club_in_API.UserType", "Club_in_API.UserType.csproj", "{D6AE88C6-A5E5-429F-8299-B855BD9DAC53}"
EndProject
Project("{FAE04EC0-301F-11D3-BF4B-00C04F79EFBC}") = "Club_In_API.reserve", "..\Club_In_API.reserve\Club_In_API.reserve.csproj", "{A656B2EB-70DE-467B-821E-5BCCA3D4E8D1}"
EndProject
Project("{FAE04EC0-301F-11D3-BF4B-00C04F79EFBC}") = "Club_In_API.Place", "..\Club_In_API.Place\Club_In_API.Place.csproj", "{EE9D7165-8440-45D4-95A7-6917018D6A14}"
EndProject
Project("{FAE04EC0-301F-11D3-BF4B-00C04F79EFBC}") = "Club_In_API.EventType", "..\Club_In_API.EventType\Club_In_API.EventType.csproj", "{D477240A-7DC1-4653-97CC-B645F690888F}"
EndProject
Project("{FAE04EC0-301F-11D3-BF4B-00C04F79EFBC}") = "Club_In_API.PaymentType", "..\Club_In_API.PaymentType\Club_In_API.PaymentType.csproj", "{BF3360D6-B4A7-4729-82D0-84EA5E97488A}"
EndProject
Global
	GlobalSection(SolutionConfigurationPlatforms) = preSolution
		Debug|Any CPU = Debug|Any CPU
		Release|Any CPU = Release|Any CPU
	EndGlobalSection
	GlobalSection(ProjectConfigurationPlatforms) = postSolution
		{D6AE88C6-A5E5-429F-8299-B855BD9DAC53}.Debug|Any CPU.ActiveCfg = Debug|Any CPU
		{D6AE88C6-A5E5-429F-8299-B855BD9DAC53}.Debug|Any CPU.Build.0 = Debug|Any CPU
		{D6AE88C6-A5E5-429F-8299-B855BD9DAC53}.Release|Any CPU.ActiveCfg = Release|Any CPU
		{D6AE88C6-A5E5-429F-8299-B855BD9DAC53}.Release|Any CPU.Build.0 = Release|Any CPU
		{A656B2EB-70DE-467B-821E-5BCCA3D4E8D1}.Debug|Any CPU.ActiveCfg = Debug|Any CPU
		{A656B2EB-70DE-467B-821E-5BCCA3D4E8D1}.Debug|Any CPU.Build.0 = Debug|Any CPU
		{A656B2EB-70DE-467B-821E-5BCCA3D4E8D1}.Release|Any CPU.ActiveCfg = Release|Any CPU
		{A656B2EB-70DE-467B-821E-5BCCA3D4E8D1}.Release|Any CPU.Build.0 = Release|Any CPU
		{EE9D7165-8440-45D4-95A7-6917018D6A14}.Debug|Any CPU.ActiveCfg = Debug|Any CPU
		{EE9D7165-8440-45D4-95A7-6917018D6A14}.Debug|Any CPU.Build.0 = Debug|Any CPU
		{EE9D7165-8440-45D4-95A7-6917018D6A14}.Release|Any CPU.ActiveCfg = Release|Any CPU
		{EE9D7165-8440-45D4-95A7-6917018D6A14}.Release|Any CPU.Build.0 = Release|Any CPU
		{D477240A-7DC1-4653-97CC-B645F690888F}.Debug|Any CPU.ActiveCfg = Debug|Any CPU
		{D477240A-7DC1-4653-97CC-B645F690888F}.Debug|Any CPU.Build.0 = Debug|Any CPU
		{D477240A-7DC1-4653-97CC-B645F690888F}.Release|Any CPU.ActiveCfg = Release|Any CPU
		{D477240A-7DC1-4653-97CC-B645F690888F}.Release|Any CPU.Build.0 = Release|Any CPU
		{BF3360D6-B4A7-4729-82D0-84EA5E97488A}.Debug|Any CPU.ActiveCfg = Debug|Any CPU
		{BF3360D6-B4A7-4729-82D0-84EA5E97488A}.Debug|Any CPU.Build.0 = Debug|Any CPU
		{BF3360D6-B4A7-4729-82D0-84EA5E97488A}.Release|Any CPU.ActiveCfg = Release|Any CPU
		{BF3360D6-B4A7-4729-82D0-84EA5E97488A}.Release|Any CPU.Build.0 = Release|Any CPU
	EndGlobalSection
	GlobalSection(SolutionProperties) = preSolution
		HideSolutionNode = FALSE
	EndGlobalSection
	GlobalSection(ExtensibilityGlobals) = postSolution
		SolutionGuid = {094FF331-856D-4D17-8329-9BD3D0BE7DE2}
	EndGlobalSection
EndGlobal
